<?xml version="1.0" encoding="utf-8"?>
<Project ToolsVersion="4.0" xmlns="http://schemas.microsoft.com/developer/msbuild/2003">
  <ItemGroup>
    <Filter Include="Source Files">
      <UniqueIdentifier>{4FC737F1-C7A5-4376-A066-2A32D752A2FF}</UniqueIdentifier>
      <Extensions>cpp;c;cc;cxx;def;odl;idl;hpj;bat;asm;asmx</Extensions>
    </Filter>
    <Filter Include="Header Files">
      <UniqueIdentifier>{93995380-89BD-4b04-88EB-625FBE52EBFB}</UniqueIdentifier>
      <Extensions>h;hpp;hxx;hm;inl;inc;xsd</Extensions>
    </Filter>
    <Filter Include="Resource Files">
      <UniqueIdentifier>{67DA6AB6-F800-4c08-8B7A-83BB121AAD01}</UniqueIdentifier>
      <Extensions>rc;ico;cur;bmp;dlg;rc2;rct;bin;rgs;gif;jpg;jpeg;jpe;resx;tiff;tif;png;wav;mfcribbon-ms</Extensions>
    </Filter>
  </ItemGroup>
  <ItemGroup>
    <Text Include="ReadMe.txt" />
  </ItemGroup>
  <ItemGroup>
    <ClCompile Include="Collision\b2CollisionJsBindings.cpp">
      <Filter>Source Files</Filter>
    </ClCompile>
    <ClCompile Include="Dynamics\b2WorldJsBindings.cpp">
      <Filter>Source Files</Filter>
    </ClCompile>
    <ClCompile Include="Dynamics\Joints\b2WheelJointJsBindings.cpp">
      <Filter>Source Files</Filter>
    </ClCompile>
    <ClCompile Include="Dynamics\Joints\b2WeldJointJsBindings.cpp">
      <Filter>Source Files</Filter>
    </ClCompile>
    <ClCompile Include="Dynamics\Joints\b2RopeJointJsBindings.cpp">
      <Filter>Source Files</Filter>
    </ClCompile>
    <ClCompile Include="Dynamics\Joints\b2RevoluteJointJsBindings.cpp">
      <Filter>Source Files</Filter>
    </ClCompile>
    <ClCompile Include="Dynamics\Joints\b2PulleyJointJsBindings.cpp">
      <Filter>Source Files</Filter>
    </ClCompile>
    <ClCompile Include="Dynamics\Joints\b2PrismaticJointJsBindings.cpp">
      <Filter>Source Files</Filter>
    </ClCompile>
    <ClCompile Include="Collision\Shapes\b2PolygonShapeJsBindings.cpp">
      <Filter>Source Files</Filter>
    </ClCompile>
    <ClCompile Include="Particle\b2ParticleSystemJsBindings.cpp">
      <Filter>Source Files</Filter>
    </ClCompile>
    <ClCompile Include="Particle\b2ParticleGroupJsBindings.cpp">
      <Filter>Source Files</Filter>
    </ClCompile>
    <ClCompile Include="Dynamics\Joints\b2MouseJointJsBindings.cpp">
      <Filter>Source Files</Filter>
    </ClCompile>
    <ClCompile Include="Dynamics\Joints\b2MotorJointJsBindings.cpp">
      <Filter>Source Files</Filter>
    </ClCompile>
    <ClCompile Include="Dynamics\Joints\b2JointJsBindings.cpp">
      <Filter>Source Files</Filter>
    </ClCompile>
    <ClCompile Include="Dynamics\Joints\b2GearJointJsBindings.cpp">
      <Filter>Source Files</Filter>
    </ClCompile>
    <ClCompile Include="Dynamics\Joints\b2FrictionJointJsBindings.cpp">
      <Filter>Source Files</Filter>
    </ClCompile>
    <ClCompile Include="Dynamics\b2FixtureJsBindings.cpp">
      <Filter>Source Files</Filter>
    </ClCompile>
    <ClCompile Include="Collision\Shapes\b2EdgeShapeJsBindings.cpp">
      <Filter>Source Files</Filter>
    </ClCompile>
    <ClCompile Include="Dynamics\Joints\b2DistanceJointJsBindings.cpp">
      <Filter>Source Files</Filter>
    </ClCompile>
    <ClCompile Include="Collision\Shapes\b2CircleShapeJsBindings.cpp">
      <Filter>Source Files</Filter>
    </ClCompile>
    <ClCompile Include="Dynamics\Contacts\b2ContactJsBindings.cpp">
      <Filter>Source Files</Filter>
    </ClCompile>
    <ClCompile Include="Collision\Shapes\b2ChainShapeJsBindings.cpp">
      <Filter>Source Files</Filter>
    </ClCompile>
    <ClCompile Include="Dynamics\b2BodyJsBindings.cpp">
      <Filter>Source Files</Filter>
    </ClCompile>
  </ItemGroup>
  <ItemGroup>
    <ClInclude Include="Collision\b2CollisionJsBindings.h">
      <Filter>Header Files</Filter>
    </ClInclude>
    <ClInclude Include="Collision\Shapes\b2ChainShapeJsBindings.h">
      <Filter>Header Files</Filter>
    </ClInclude>
    <ClInclude Include="Collision\Shapes\b2CircleShapeJsBindings.h">
      <Filter>Header Files</Filter>
    </ClInclude>
    <ClInclude Include="Collision\Shapes\b2EdgeShapeJsBindings.h">
      <Filter>Header Files</Filter>
    </ClInclude>
    <ClInclude Include="Collision\Shapes\b2PolygonShapeJsBindings.h">
      <Filter>Header Files</Filter>
    </ClInclude>
    <ClInclude Include="Dynamics\b2BodyJsBindings.h">
      <Filter>Header Files</Filter>
    </ClInclude>
    <ClInclude Include="Dynamics\b2FixtureJsBindings.h">
      <Filter>Header Files</Filter>
    </ClInclude>
    <ClInclude Include="Dynamics\b2WorldJsBindings.h">
      <Filter>Header Files</Filter>
    </ClInclude>
    <ClInclude Include="Dynamics\Contacts\b2ContactJsBindings.h">
      <Filter>Header Files</Filter>
    </ClInclude>
    <ClInclude Include="Dynamics\Joints\b2DistanceJointJsBindings.h">
      <Filter>Header Files</Filter>
    </ClInclude>
    <ClInclude Include="Dynamics\Joints\b2FrictionJointJsBindings.h">
      <Filter>Header Files</Filter>
    </ClInclude>
    <ClInclude Include="Dynamics\Joints\b2GearJointJsBindings.h">
      <Filter>Header Files</Filter>
    </ClInclude>
    <ClInclude Include="Dynamics\Joints\b2JointJsBindings.h">
      <Filter>Header Files</Filter>
    </ClInclude>
    <ClInclude Include="Dynamics\Joints\b2MotorJointJsBindings.h">
      <Filter>Header Files</Filter>
    </ClInclude>
    <ClInclude Include="Dynamics\Joints\b2MouseJointJsBindings.h">
      <Filter>Header Files</Filter>
    </ClInclude>
    <ClInclude Include="Dynamics\Joints\b2PrismaticJointJsBindings.h">
      <Filter>Header Files</Filter>
    </ClInclude>
    <ClInclude Include="Dynamics\Joints\b2PulleyJointJsBindings.h">
      <Filter>Header Files</Filter>
    </ClInclude>
    <ClInclude Include="Dynamics\Joints\b2RevoluteJointJsBindings.h">
      <Filter>Header Files</Filter>
    </ClInclude>
    <ClInclude Include="Dynamics\Joints\b2RopeJointJsBindings.h">
      <Filter>Header Files</Filter>
    </ClInclude>
    <ClInclude Include="Dynamics\Joints\b2WeldJointJsBindings.h">
      <Filter>Header Files</Filter>
    </ClInclude>
    <ClInclude Include="Dynamics\Joints\b2WheelJointJsBindings.h">
      <Filter>Header Files</Filter>
    </ClInclude>
    <ClInclude Include="Particle\b2ParticleGroupJsBindings.h">
      <Filter>Header Files</Filter>
    </ClInclude>
    <ClInclude Include="Particle\b2ParticleSystemJsBindings.h">
      <Filter>Header Files</Filter>
    </ClInclude>
    <ClInclude Include="Box2D\Box2D.h">
      <Filter>Header Files</Filter>
    </ClInclude>
    <ClInclude Include="Collision\Box2D\Box2D.h">
      <Filter>Header Files</Filter>
    </ClInclude>
  </ItemGroup>
</Project>